
Microsoft Visual Studio Solution File, Format Version 12.00
# Visual Studio Version 17
VisualStudioVersion = 17.4.33213.308
MinimumVisualStudioVersion = 10.0.40219.1
Project("{FAE04EC0-301F-11D3-BF4B-00C04F79EFBC}") = "CountPathApp", "CountPath\CountPathApp.csproj", "{1AAD32E8-AB54-4D81-BD2B-F3A4566D9886}"
EndProject
Project("{FAE04EC0-301F-11D3-BF4B-00C04F79EFBC}") = "CountPath.tests", "CouontPath.tests\CountPath.tests.csproj", "{65A2310F-F24D-4A44-B2C1-BE647F29BC9F}"
	ProjectSection(ProjectDependencies) = postProject
		{1AAD32E8-AB54-4D81-BD2B-F3A4566D9886} = {1AAD32E8-AB54-4D81-BD2B-F3A4566D9886}
	EndProjectSection
EndProject
Global
	GlobalSection(SolutionConfigurationPlatforms) = preSolution
		Debug|Any CPU = Debug|Any CPU
		Release|Any CPU = Release|Any CPU
	EndGlobalSection
	GlobalSection(ProjectConfigurationPlatforms) = postSolution
		{1AAD32E8-AB54-4D81-BD2B-F3A4566D9886}.Debug|Any CPU.ActiveCfg = Debug|Any CPU
		{1AAD32E8-AB54-4D81-BD2B-F3A4566D9886}.Debug|Any CPU.Build.0 = Debug|Any CPU
		{1AAD32E8-AB54-4D81-BD2B-F3A4566D9886}.Release|Any CPU.ActiveCfg = Release|Any CPU
		{1AAD32E8-AB54-4D81-BD2B-F3A4566D9886}.Release|Any CPU.Build.0 = Release|Any CPU
		{65A2310F-F24D-4A44-B2C1-BE647F29BC9F}.Debug|Any CPU.ActiveCfg = Debug|Any CPU
		{65A2310F-F24D-4A44-B2C1-BE647F29BC9F}.Debug|Any CPU.Build.0 = Debug|Any CPU
		{65A2310F-F24D-4A44-B2C1-BE647F29BC9F}.Release|Any CPU.ActiveCfg = Release|Any CPU
		{65A2310F-F24D-4A44-B2C1-BE647F29BC9F}.Release|Any CPU.Build.0 = Release|Any CPU
	EndGlobalSection
	GlobalSection(SolutionProperties) = preSolution
		HideSolutionNode = FALSE
	EndGlobalSection
	GlobalSection(ExtensibilityGlobals) = postSolution
		SolutionGuid = {F4B551B9-0F72-42B4-99AD-8FCEE53FC276}
	EndGlobalSection
EndGlobal
